
Microsoft Visual Studio Solution File, Format Version 12.00
# Visual Studio Version 17
VisualStudioVersion = 17.10.35013.160
MinimumVisualStudioVersion = 10.0.40219.1
Project("{9A19103F-16F7-4668-BE54-9A1E7A4F7556}") = "HRM.Apis", "HRM\HRM.Apis.csproj", "{DC937DA8-6C95-4F37-AC07-5D87BF25D9AD}"
EndProject
Project("{9A19103F-16F7-4668-BE54-9A1E7A4F7556}") = "HRM.Data", "HRM.Data\HRM.Data.csproj", "{299310C9-8CDE-49BB-BF67-AFB7C80ED6AF}"
EndProject
Project("{9A19103F-16F7-4668-BE54-9A1E7A4F7556}") = "HRM.Repositories", "HRM.Repositories\HRM.Repositories.csproj", "{286D121E-4534-405E-8E02-93EFE04C7C33}"
EndProject
Project("{9A19103F-16F7-4668-BE54-9A1E7A4F7556}") = "HRM.Services", "HRM.Services\HRM.Services.csproj", "{8DC45347-D558-487C-A831-C56DB3C8557F}"
EndProject
Global
	GlobalSection(SolutionConfigurationPlatforms) = preSolution
		Debug|Any CPU = Debug|Any CPU
		Release|Any CPU = Release|Any CPU
	EndGlobalSection
	GlobalSection(ProjectConfigurationPlatforms) = postSolution
		{DC937DA8-6C95-4F37-AC07-5D87BF25D9AD}.Debug|Any CPU.ActiveCfg = Debug|Any CPU
		{DC937DA8-6C95-4F37-AC07-5D87BF25D9AD}.Debug|Any CPU.Build.0 = Debug|Any CPU
		{DC937DA8-6C95-4F37-AC07-5D87BF25D9AD}.Release|Any CPU.ActiveCfg = Release|Any CPU
		{DC937DA8-6C95-4F37-AC07-5D87BF25D9AD}.Release|Any CPU.Build.0 = Release|Any CPU
		{299310C9-8CDE-49BB-BF67-AFB7C80ED6AF}.Debug|Any CPU.ActiveCfg = Debug|Any CPU
		{299310C9-8CDE-49BB-BF67-AFB7C80ED6AF}.Debug|Any CPU.Build.0 = Debug|Any CPU
		{299310C9-8CDE-49BB-BF67-AFB7C80ED6AF}.Release|Any CPU.ActiveCfg = Release|Any CPU
		{299310C9-8CDE-49BB-BF67-AFB7C80ED6AF}.Release|Any CPU.Build.0 = Release|Any CPU
		{286D121E-4534-405E-8E02-93EFE04C7C33}.Debug|Any CPU.ActiveCfg = Debug|Any CPU
		{286D121E-4534-405E-8E02-93EFE04C7C33}.Debug|Any CPU.Build.0 = Debug|Any CPU
		{286D121E-4534-405E-8E02-93EFE04C7C33}.Release|Any CPU.ActiveCfg = Release|Any CPU
		{286D121E-4534-405E-8E02-93EFE04C7C33}.Release|Any CPU.Build.0 = Release|Any CPU
		{8DC45347-D558-487C-A831-C56DB3C8557F}.Debug|Any CPU.ActiveCfg = Debug|Any CPU
		{8DC45347-D558-487C-A831-C56DB3C8557F}.Debug|Any CPU.Build.0 = Debug|Any CPU
		{8DC45347-D558-487C-A831-C56DB3C8557F}.Release|Any CPU.ActiveCfg = Release|Any CPU
		{8DC45347-D558-487C-A831-C56DB3C8557F}.Release|Any CPU.Build.0 = Release|Any CPU
	EndGlobalSection
	GlobalSection(SolutionProperties) = preSolution
		HideSolutionNode = FALSE
	EndGlobalSection
	GlobalSection(ExtensibilityGlobals) = postSolution
		SolutionGuid = {8632F81E-109C-47B4-BC37-24F9CBD756AA}
	EndGlobalSection
EndGlobal
